{
  "version": "5",
  "specifiers": {
    "jsr:@hono/hono@^4.7.4": "4.7.4",
    "jsr:@std/bytes@^1.0.5": "1.0.5",
    "jsr:@std/csv@^1.0.5": "1.0.5",
    "jsr:@std/fs@^1.0.14": "1.0.14",
    "jsr:@std/json@^1.0.1": "1.0.1",
    "jsr:@std/path@^1.0.8": "1.0.8",
    "jsr:@std/streams@^1.0.7": "1.0.9",
    "jsr:@std/streams@^1.0.8": "1.0.9",
    "jsr:@std/streams@^1.0.9": "1.0.9",
    "jsr:@std/yaml@^1.0.5": "1.0.5",
    "jsr:@workingdevshero/deno-imap@1": "1.0.0",
    "npm:@ngrok/ngrok@^1.4.1": "1.4.1",
    "npm:cheerio@1": "1.0.0",
    "npm:get-stream@^9.0.1": "9.0.1",
    "npm:open@^10.1.0": "10.1.0",
    "npm:pino-pretty@*": "13.0.0",
    "npm:pino@^9.6.0": "9.6.0",
    "npm:playwright@^1.51.0": "1.51.0",
    "npm:postal-mime@^2.4.3": "2.4.3",
    "npm:xxhash-wasm@*": "1.1.0"
  },
  "jsr": {
    "@hono/hono@4.7.4": {
      "integrity": "c03c9cbe0fbfc4e51f3fee6502a7903aa4f9ef7c2c98635607b15eee14258825"
    },
    "@std/bytes@1.0.5": {
      "integrity": "4465dd739d7963d964c809202ebea6d5c6b8e3829ef25c6a224290fbb8a1021e"
    },
    "@std/csv@1.0.5": {
      "integrity": "02006ffd77e84b2bf01968d4e792f0b5cba057c73dc6a89accb96d803493675f",
      "dependencies": [
        "jsr:@std/streams@^1.0.8"
      ]
    },
    "@std/fs@1.0.14": {
      "integrity": "1e84bf0b95fe08f41f1f4aea9717bbf29f45408a56ce073b0114474ce1c9fccf",
      "dependencies": [
        "jsr:@std/path"
      ]
    },
    "@std/json@1.0.1": {
      "integrity": "1f0f70737e8827f9acca086282e903677bc1bb0c8ffcd1f21bca60039563049f",
      "dependencies": [
        "jsr:@std/streams@^1.0.7"
      ]
    },
    "@std/path@1.0.8": {
      "integrity": "548fa456bb6a04d3c1a1e7477986b6cffbce95102d0bb447c67c4ee70e0364be"
    },
    "@std/streams@1.0.9": {
      "integrity": "a9d26b1988cdd7aa7b1f4b51e1c36c1557f3f252880fa6cc5b9f37078b1a5035",
      "dependencies": [
        "jsr:@std/bytes"
      ]
    },
    "@std/yaml@1.0.5": {
      "integrity": "71ba3d334305ee2149391931508b2c293a8490f94a337eef3a09cade1a2a2742"
    },
    "@workingdevshero/deno-imap@1.0.0": {
      "integrity": "b70048842a3089d92705e9d7d57298581ff74a23729dce07bd44ce85c79cc6d0"
    }
  },
  "npm": {
    "@ngrok/ngrok-android-arm-eabi@1.4.1": {
      "integrity": "sha512-KQe59T8PhFg5XvWypcOCIgUakk/A9ipD1UvSgGuLI7pYIiVcx6oyW12RxCJr6cfdO0K5GrbUG6dlEXSmDD4jBg==",
      "os": ["android"],
      "cpu": ["arm"]
    },
    "@ngrok/ngrok-android-arm64@1.4.1": {
      "integrity": "sha512-WPYJenabIArkGmeVhBcIVtgXmLK297pfJCYHP1Tnw220ANEXFdo7EW4dZoP0AA0gxciFHGYnQUMOn1Meo0IQFQ==",
      "os": ["android"],
      "cpu": ["arm64"]
    },
    "@ngrok/ngrok-darwin-arm64@1.4.1": {
      "integrity": "sha512-hJW+ZDJ0uV7PieZAdZHdzR/WBRctjOkLzFqHTxSuNbmBr9uIg6PGf1dB2lySszK1wyKZL7wvh4GedQ4vSU5lkw==",
      "os": ["darwin"],
      "cpu": ["arm64"]
    },
    "@ngrok/ngrok-darwin-universal@1.4.1": {
      "integrity": "sha512-rUZKl/vr2cALpT1Ng91h8Jf5OfDtF+zNEC65AFWthPkHJpPQCLvuEC9hyF8XI52Bv45ORRb1YKR3hdhjZ4WGHQ==",
      "os": ["darwin"]
    },
    "@ngrok/ngrok-darwin-x64@1.4.1": {
      "integrity": "sha512-UKIkRpsGBywAqvwz8L6R8ITz+xxPoZ58LSFhZoMAWm2alGOdA2js1eHZwwVTSz96/tmmSRE/H+r69TvtuL0lXA==",
      "os": ["darwin"],
      "cpu": ["x64"]
    },
    "@ngrok/ngrok-freebsd-x64@1.4.1": {
      "integrity": "sha512-v1xXqmu3f4W1PQt+NKlqXgLcpULYCSwStKGRSdgXljg1bRdOnW3ZdjbGzrIdKwQ7OcwZP34KbP13G+hqcTxo5Q==",
      "os": ["freebsd"],
      "cpu": ["x64"]
    },
    "@ngrok/ngrok-linux-arm-gnueabihf@1.4.1": {
      "integrity": "sha512-yEeiVAGQNUErkSpOI1EZI+X3AkHCGd8yzqfjHamnhEONkwxLcWuTiUfcwFeMVtE9jyLfvQxctldPXXAjvaI/QA==",
      "os": ["linux"],
      "cpu": ["arm"]
    },
    "@ngrok/ngrok-linux-arm64-gnu@1.4.1": {
      "integrity": "sha512-Fb2uju769eO/yOrWdbMvCXNczbXHnqNmN5TCYvqQbPdscFgrsNaJcVr2SmWOfBq+OcLWYbx6mXE1ki5yOZKU9w==",
      "os": ["linux"],
      "cpu": ["arm64"]
    },
    "@ngrok/ngrok-linux-arm64-musl@1.4.1": {
      "integrity": "sha512-nMTTZkUnwCzeIVDkoUdNqBKe6ArYXRWGjC4iXinfPOdENkb/tZ/eAjVdg+8bQ5PJgl/n/TbdZKNj//Jz2x8fdw==",
      "os": ["linux"],
      "cpu": ["arm64"]
    },
    "@ngrok/ngrok-linux-x64-gnu@1.4.1": {
      "integrity": "sha512-IfDaYd9ZGk7F0szHql5Tr3rlLBlhuKbbNXDVkujGy/njA4/YnckfsZilGEtgnR7aYgHo3NqppfEw+AOmlDytCw==",
      "os": ["linux"],
      "cpu": ["x64"]
    },
    "@ngrok/ngrok-linux-x64-musl@1.4.1": {
      "integrity": "sha512-Ze6wb2umg6hfJhxOrFQhiyIZOf9YjSRkefnaQdAaONrIKxiFsu5SIKQbp7MQRnm8wabB9i0OI0Q/TVBsxo/HLw==",
      "os": ["linux"],
      "cpu": ["x64"]
    },
    "@ngrok/ngrok-win32-ia32-msvc@1.4.1": {
      "integrity": "sha512-FV3dwGpbh1h2fJ7h+Od8vFRrR9RxqBUAI+ELxQxropDxwYp6rWGKFnfE+JUcT79fEH3OpA0ElULrIDrLgK7bgg==",
      "os": ["win32"],
      "cpu": ["ia32"]
    },
    "@ngrok/ngrok-win32-x64-msvc@1.4.1": {
      "integrity": "sha512-Zr1Dyel4M3cA1kjT/N5ftTiCdoPnVv/VbyE6AKKemP9DDFkTlpdvMwSXikm/ypNtCNFEs/+q8CBZPhhaKktl8A==",
      "os": ["win32"],
      "cpu": ["x64"]
    },
    "@ngrok/ngrok@1.4.1": {
      "integrity": "sha512-KZ7/T4UOY3BqJBdweJPeebKW34YzIH+a2y4o7yqTIowoi6dw3sMj140o1Q8FvpPbH5J6lr2TWVCWdgSTYvHNgw==",
      "optionalDependencies": [
        "@ngrok/ngrok-android-arm-eabi",
        "@ngrok/ngrok-android-arm64",
        "@ngrok/ngrok-darwin-arm64",
        "@ngrok/ngrok-darwin-universal",
        "@ngrok/ngrok-darwin-x64",
        "@ngrok/ngrok-freebsd-x64",
        "@ngrok/ngrok-linux-arm-gnueabihf",
        "@ngrok/ngrok-linux-arm64-gnu",
        "@ngrok/ngrok-linux-arm64-musl",
        "@ngrok/ngrok-linux-x64-gnu",
        "@ngrok/ngrok-linux-x64-musl",
        "@ngrok/ngrok-win32-ia32-msvc",
        "@ngrok/ngrok-win32-x64-msvc"
      ]
    },
    "@sec-ant/readable-stream@0.4.1": {
      "integrity": "sha512-831qok9r2t8AlxLko40y2ebgSDhenenCatLVeW/uBtnHPyhHOvG0C7TvfgecV+wHzIm5KUICgzmVpWS+IMEAeg=="
    },
    "atomic-sleep@1.0.0": {
      "integrity": "sha512-kNOjDqAh7px0XWNI+4QbzoiR/nTkHAWNud2uvnJquD1/x5a7EQZMJT0AczqK0Qn67oY/TTQ1LbUKajZpp3I9tQ=="
    },
    "boolbase@1.0.0": {
      "integrity": "sha512-JZOSA7Mo9sNGB8+UjSgzdLtokWAky1zbztM3WRLCbZ70/3cTANmQmOdR7y2g+J0e2WXywy1yS468tY+IruqEww=="
    },
    "bundle-name@4.1.0": {
      "integrity": "sha512-tjwM5exMg6BGRI+kNmTntNsvdZS1X8BFYS6tnJ2hdH0kVxM6/eVZ2xy+FqStSWvYmtfFMDLIxurorHwDKfDz5Q==",
      "dependencies": [
        "run-applescript"
      ]
    },
    "cheerio-select@2.1.0": {
      "integrity": "sha512-9v9kG0LvzrlcungtnJtpGNxY+fzECQKhK4EGJX2vByejiMX84MFNQw4UxPJl3bFbTMw+Dfs37XaIkCwTZfLh4g==",
      "dependencies": [
        "boolbase",
        "css-select",
        "css-what",
        "domelementtype",
        "domhandler",
        "domutils"
      ]
    },
    "cheerio@1.0.0": {
      "integrity": "sha512-quS9HgjQpdaXOvsZz82Oz7uxtXiy6UIsIQcpBj7HRw2M63Skasm9qlDocAM7jNuaxdhpPU7c4kJN+gA5MCu4ww==",
      "dependencies": [
        "cheerio-select",
        "dom-serializer",
        "domhandler",
        "domutils",
        "encoding-sniffer",
        "htmlparser2",
        "parse5",
        "parse5-htmlparser2-tree-adapter",
        "parse5-parser-stream",
        "undici",
        "whatwg-mimetype"
      ]
    },
    "colorette@2.0.20": {
      "integrity": "sha512-IfEDxwoWIjkeXL1eXcDiow4UbKjhLdq6/EuSVR9GMN7KVH3r9gQ83e73hsz1Nd1T3ijd5xv1wcWRYO+D6kCI2w=="
    },
    "css-select@5.1.0": {
      "integrity": "sha512-nwoRF1rvRRnnCqqY7updORDsuqKzqYJ28+oSMaJMMgOauh3fvwHqMS7EZpIPqK8GL+g9mKxF1vP/ZjSeNjEVHg==",
      "dependencies": [
        "boolbase",
        "css-what",
        "domhandler",
        "domutils",
        "nth-check"
      ]
    },
    "css-what@6.1.0": {
      "integrity": "sha512-HTUrgRJ7r4dsZKU6GjmpfRK1O76h97Z8MfS1G0FozR+oF2kG6Vfe8JE6zwrkbxigziPHinCJ+gCPjA9EaBDtRw=="
    },
    "dateformat@4.6.3": {
      "integrity": "sha512-2P0p0pFGzHS5EMnhdxQi7aJN+iMheud0UhG4dlE1DLAlvL8JHjJJTX/CSm4JXwV0Ka5nGk3zC5mcb5bUQUxxMA=="
    },
    "default-browser-id@5.0.0": {
      "integrity": "sha512-A6p/pu/6fyBcA1TRz/GqWYPViplrftcW2gZC9q79ngNCKAeR/X3gcEdXQHl4KNXV+3wgIJ1CPkJQ3IHM6lcsyA=="
    },
    "default-browser@5.2.1": {
      "integrity": "sha512-WY/3TUME0x3KPYdRRxEJJvXRHV4PyPoUsxtZa78lwItwRQRHhd2U9xOscaT/YTf8uCXIAjeJOFBVEh/7FtD8Xg==",
      "dependencies": [
        "bundle-name",
        "default-browser-id"
      ]
    },
    "define-lazy-prop@3.0.0": {
      "integrity": "sha512-N+MeXYoqr3pOgn8xfyRPREN7gHakLYjhsHhWGT3fWAiL4IkAt0iDw14QiiEm2bE30c5XX5q0FtAA3CK5f9/BUg=="
    },
    "dom-serializer@2.0.0": {
      "integrity": "sha512-wIkAryiqt/nV5EQKqQpo3SToSOV9J0DnbJqwK7Wv/Trc92zIAYZ4FlMu+JPFW1DfGFt81ZTCGgDEabffXeLyJg==",
      "dependencies": [
        "domelementtype",
        "domhandler",
        "entities"
      ]
    },
    "domelementtype@2.3.0": {
      "integrity": "sha512-OLETBj6w0OsagBwdXnPdN0cnMfF9opN69co+7ZrbfPGrdpPVNBUj02spi6B1N7wChLQiPn4CSH/zJvXw56gmHw=="
    },
    "domhandler@5.0.3": {
      "integrity": "sha512-cgwlv/1iFQiFnU96XXgROh8xTeetsnJiDsTc7TYCLFd9+/WNkIqPTxiM/8pSd8VIrhXGTf1Ny1q1hquVqDJB5w==",
      "dependencies": [
        "domelementtype"
      ]
    },
    "domutils@3.2.2": {
      "integrity": "sha512-6kZKyUajlDuqlHKVX1w7gyslj9MPIXzIFiz/rGu35uC1wMi+kMhQwGhl4lt9unC9Vb9INnY9Z3/ZA3+FhASLaw==",
      "dependencies": [
        "dom-serializer",
        "domelementtype",
        "domhandler"
      ]
    },
    "encoding-sniffer@0.2.0": {
      "integrity": "sha512-ju7Wq1kg04I3HtiYIOrUrdfdDvkyO9s5XM8QAj/bN61Yo/Vb4vgJxy5vi4Yxk01gWHbrofpPtpxM8bKger9jhg==",
      "dependencies": [
        "iconv-lite",
        "whatwg-encoding"
      ]
    },
    "end-of-stream@1.4.4": {
      "integrity": "sha512-+uw1inIHVPQoaVuHzRyXd21icM+cnt4CzD5rW+NC1wjOUSTOs+Te7FOv7AhN7vS9x/oIyhLP5PR1H+phQAHu5Q==",
      "dependencies": [
        "once"
      ]
    },
    "entities@4.5.0": {
      "integrity": "sha512-V0hjH4dGPh9Ao5p0MoRY6BVqtwCjhz6vI5LT8AJ55H+4g9/4vbHx1I54fS0XuclLhDHArPQCiMjDxjaL8fPxhw=="
    },
    "fast-copy@3.0.2": {
      "integrity": "sha512-dl0O9Vhju8IrcLndv2eU4ldt1ftXMqqfgN4H1cpmGV7P6jeB9FwpN9a2c8DPGE1Ys88rNUJVYDHq73CGAGOPfQ=="
    },
    "fast-redact@3.5.0": {
      "integrity": "sha512-dwsoQlS7h9hMeYUq1W++23NDcBLV4KqONnITDV9DjfS3q1SgDGVrBdvvTLUotWtPSD7asWDV9/CmsZPy8Hf70A=="
    },
    "fast-safe-stringify@2.1.1": {
      "integrity": "sha512-W+KJc2dmILlPplD/H4K9l9LcAHAfPtP6BY84uVLXQ6Evcz9Lcg33Y2z1IVblT6xdY54PXYVHEv+0Wpq8Io6zkA=="
    },
    "fsevents@2.3.2": {
      "integrity": "sha512-xiqMQR4xAeHTuB9uWm+fFRcIOgKBMiOBP+eXiyT7jsgVCq1bkVygt00oASowB7EdtpOHaaPgKt812P9ab+DDKA==",
      "os": ["darwin"],
      "scripts": true
    },
    "get-stream@9.0.1": {
      "integrity": "sha512-kVCxPF3vQM/N0B1PmoqVUqgHP+EeVjmZSQn+1oCRPxd2P21P2F19lIgbR3HBosbB1PUhOAoctJnfEn2GbN2eZA==",
      "dependencies": [
        "@sec-ant/readable-stream",
        "is-stream"
      ]
    },
    "help-me@5.0.0": {
      "integrity": "sha512-7xgomUX6ADmcYzFik0HzAxh/73YlKR9bmFzf51CZwR+b6YtzU2m0u49hQCqV6SvlqIqsaxovfwdvbnsw3b/zpg=="
    },
    "htmlparser2@9.1.0": {
      "integrity": "sha512-5zfg6mHUoaer/97TxnGpxmbR7zJtPwIYFMZ/H5ucTlPZhKvtum05yiPK3Mgai3a0DyVxv7qYqoweaEd2nrYQzQ==",
      "dependencies": [
        "domelementtype",
        "domhandler",
        "domutils",
        "entities"
      ]
    },
    "iconv-lite@0.6.3": {
      "integrity": "sha512-4fCk79wshMdzMp2rH06qWrJE4iolqLhCUH+OiuIgU++RB0+94NlDL81atO7GX55uUKueo0txHNtvEyI6D7WdMw==",
      "dependencies": [
        "safer-buffer"
      ]
    },
    "is-docker@3.0.0": {
      "integrity": "sha512-eljcgEDlEns/7AXFosB5K/2nCM4P7FQPkGc/DWLy5rmFEWvZayGrik1d9/QIY5nJ4f9YsVvBkA6kJpHn9rISdQ==",
      "bin": true
    },
    "is-inside-container@1.0.0": {
      "integrity": "sha512-KIYLCCJghfHZxqjYBE7rEy0OBuTd5xCHS7tHVgvCLkx7StIoaxwNW3hCALgEUjFfeRk+MG/Qxmp/vtETEF3tRA==",
      "dependencies": [
        "is-docker"
      ],
      "bin": true
    },
    "is-stream@4.0.1": {
      "integrity": "sha512-Dnz92NInDqYckGEUJv689RbRiTSEHCQ7wOVeALbkOz999YpqT46yMRIGtSNl2iCL1waAZSx40+h59NV/EwzV/A=="
    },
    "is-wsl@3.1.0": {
      "integrity": "sha512-UcVfVfaK4Sc4m7X3dUSoHoozQGBEFeDC+zVo06t98xe8CzHSZZBekNXH+tu0NalHolcJ/QAGqS46Hef7QXBIMw==",
      "dependencies": [
        "is-inside-container"
      ]
    },
    "joycon@3.1.1": {
      "integrity": "sha512-34wB/Y7MW7bzjKRjUKTa46I2Z7eV62Rkhva+KkopW7Qvv/OSWBqvkSY7vusOPrNuZcUG3tApvdVgNB8POj3SPw=="
    },
    "minimist@1.2.8": {
      "integrity": "sha512-2yyAR8qBkN3YuheJanUpWC5U3bb5osDywNB8RzDVlDwDHbocAJveqqj1u8+SVD7jkWT4yvsHCpWqqWqAxb0zCA=="
    },
    "nth-check@2.1.1": {
      "integrity": "sha512-lqjrjmaOoAnWfMmBPL+XNnynZh2+swxiX3WUE0s4yEHI6m+AwrK2UZOimIRl3X/4QctVqS8AiZjFqyOGrMXb/w==",
      "dependencies": [
        "boolbase"
      ]
    },
    "on-exit-leak-free@2.1.2": {
      "integrity": "sha512-0eJJY6hXLGf1udHwfNftBqH+g73EU4B504nZeKpz1sYRKafAghwxEJunB2O7rDZkL4PGfsMVnTXZ2EjibbqcsA=="
    },
    "once@1.4.0": {
      "integrity": "sha512-lNaJgI+2Q5URQBkccEKHTQOPaXdUxnZZElQTZY0MFUAuaEqe1E+Nyvgdz/aIyNi6Z9MzO5dv1H8n58/GELp3+w==",
      "dependencies": [
        "wrappy"
      ]
    },
    "open@10.1.0": {
      "integrity": "sha512-mnkeQ1qP5Ue2wd+aivTD3NHd/lZ96Lu0jgf0pwktLPtx6cTZiH7tyeGRRHs0zX0rbrahXPnXlUnbeXyaBBuIaw==",
      "dependencies": [
        "default-browser",
        "define-lazy-prop",
        "is-inside-container",
        "is-wsl"
      ]
    },
    "parse5-htmlparser2-tree-adapter@7.1.0": {
      "integrity": "sha512-ruw5xyKs6lrpo9x9rCZqZZnIUntICjQAd0Wsmp396Ul9lN/h+ifgVV1x1gZHi8euej6wTfpqX8j+BFQxF0NS/g==",
      "dependencies": [
        "domhandler",
        "parse5"
      ]
    },
    "parse5-parser-stream@7.1.2": {
      "integrity": "sha512-JyeQc9iwFLn5TbvvqACIF/VXG6abODeB3Fwmv/TGdLk2LfbWkaySGY72at4+Ty7EkPZj854u4CrICqNk2qIbow==",
      "dependencies": [
        "parse5"
      ]
    },
    "parse5@7.2.1": {
      "integrity": "sha512-BuBYQYlv1ckiPdQi/ohiivi9Sagc9JG+Ozs0r7b/0iK3sKmrb0b9FdWdBbOdx6hBCM/F9Ir82ofnBhtZOjCRPQ==",
      "dependencies": [
        "entities"
      ]
    },
    "pino-abstract-transport@2.0.0": {
      "integrity": "sha512-F63x5tizV6WCh4R6RHyi2Ml+M70DNRXt/+HANowMflpgGFMAym/VKm6G7ZOQRjqN7XbGxK1Lg9t6ZrtzOaivMw==",
      "dependencies": [
        "split2"
      ]
    },
    "pino-pretty@13.0.0": {
      "integrity": "sha512-cQBBIVG3YajgoUjo1FdKVRX6t9XPxwB9lcNJVD5GCnNM4Y6T12YYx8c6zEejxQsU0wrg9TwmDulcE9LR7qcJqA==",
      "dependencies": [
        "colorette",
        "dateformat",
        "fast-copy",
        "fast-safe-stringify",
        "help-me",
        "joycon",
        "minimist",
        "on-exit-leak-free",
        "pino-abstract-transport",
        "pump",
        "secure-json-parse",
        "sonic-boom",
        "strip-json-comments"
      ],
      "bin": true
    },
    "pino-std-serializers@7.0.0": {
      "integrity": "sha512-e906FRY0+tV27iq4juKzSYPbUj2do2X2JX4EzSca1631EB2QJQUqGbDuERal7LCtOpxl6x3+nvo9NPZcmjkiFA=="
    },
    "pino@9.6.0": {
      "integrity": "sha512-i85pKRCt4qMjZ1+L7sy2Ag4t1atFcdbEt76+7iRJn1g2BvsnRMGu9p8pivl9fs63M2kF/A0OacFZhTub+m/qMg==",
      "dependencies": [
        "atomic-sleep",
        "fast-redact",
        "on-exit-leak-free",
        "pino-abstract-transport",
        "pino-std-serializers",
        "process-warning",
        "quick-format-unescaped",
        "real-require",
        "safe-stable-stringify",
        "sonic-boom",
        "thread-stream"
      ],
      "bin": true
    },
    "playwright-core@1.51.0": {
      "integrity": "sha512-x47yPE3Zwhlil7wlNU/iktF7t2r/URR3VLbH6EknJd/04Qc/PSJ0EY3CMXipmglLG+zyRxW6HNo2EGbKLHPWMg==",
      "bin": true
    },
    "playwright@1.51.0": {
      "integrity": "sha512-442pTfGM0xxfCYxuBa/Pu6B2OqxqqaYq39JS8QDMGThUvIOCd6s0ANDog3uwA0cHavVlnTQzGCN7Id2YekDSXA==",
      "dependencies": [
        "playwright-core"
      ],
      "optionalDependencies": [
        "fsevents"
      ],
      "bin": true
    },
    "postal-mime@2.4.3": {
      "integrity": "sha512-KT8P+/We7LH48EhjmLRLEiQx+HI6zZ5TTeuzhuZkMbcJnp9mdmxm/FgiRIzmhZm8mxmk8mtisIAelq1wNwumxg=="
    },
    "process-warning@4.0.1": {
      "integrity": "sha512-3c2LzQ3rY9d0hc1emcsHhfT9Jwz0cChib/QN89oME2R451w5fy3f0afAhERFZAwrbDU43wk12d0ORBpDVME50Q=="
    },
    "pump@3.0.2": {
      "integrity": "sha512-tUPXtzlGM8FE3P0ZL6DVs/3P58k9nk8/jZeQCurTJylQA8qFYzHFfhBJkuqyE0FifOsQ0uKWekiZ5g8wtr28cw==",
      "dependencies": [
        "end-of-stream",
        "once"
      ]
    },
    "quick-format-unescaped@4.0.4": {
      "integrity": "sha512-tYC1Q1hgyRuHgloV/YXs2w15unPVh8qfu/qCTfhTYamaw7fyhumKa2yGpdSo87vY32rIclj+4fWYQXUMs9EHvg=="
    },
    "real-require@0.2.0": {
      "integrity": "sha512-57frrGM/OCTLqLOAh0mhVA9VBMHd+9U7Zb2THMGdBUoZVOtGbJzjxsYGDJ3A9AYYCP4hn6y1TVbaOfzWtm5GFg=="
    },
    "run-applescript@7.0.0": {
      "integrity": "sha512-9by4Ij99JUr/MCFBUkDKLWK3G9HVXmabKz9U5MlIAIuvuzkiOicRYs8XJLxX+xahD+mLiiCYDqF9dKAgtzKP1A=="
    },
    "safe-stable-stringify@2.5.0": {
      "integrity": "sha512-b3rppTKm9T+PsVCBEOUR46GWI7fdOs00VKZ1+9c1EWDaDMvjQc6tUwuFyIprgGgTcWoVHSKrU8H31ZHA2e0RHA=="
    },
    "safer-buffer@2.1.2": {
      "integrity": "sha512-YZo3K82SD7Riyi0E1EQPojLz7kpepnSQI9IyPbHHg1XXXevb5dJI7tpyN2ADxGcQbHG7vcyRHk0cbwqcQriUtg=="
    },
    "secure-json-parse@2.7.0": {
      "integrity": "sha512-6aU+Rwsezw7VR8/nyvKTx8QpWH9FrcYiXXlqC4z5d5XQBDRqtbfsRjnwGyqbi3gddNtWHuEk9OANUotL26qKUw=="
    },
    "sonic-boom@4.2.0": {
      "integrity": "sha512-INb7TM37/mAcsGmc9hyyI6+QR3rR1zVRu36B0NeGXKnOOLiZOfER5SA+N7X7k3yUYRzLWafduTDvJAfDswwEww==",
      "dependencies": [
        "atomic-sleep"
      ]
    },
    "split2@4.2.0": {
      "integrity": "sha512-UcjcJOWknrNkF6PLX83qcHM6KHgVKNkV62Y8a5uYDVv9ydGQVwAHMKqHdJje1VTWpljG0WYpCDhrCdAOYH4TWg=="
    },
    "strip-json-comments@3.1.1": {
      "integrity": "sha512-6fPc+R4ihwqP6N/aIv2f1gMH8lOVtWQHoqC4yK6oSDVVocumAsfCqjkXnqiYMhmMwS/mEHLp7Vehlt3ql6lEig=="
    },
    "thread-stream@3.1.0": {
      "integrity": "sha512-OqyPZ9u96VohAyMfJykzmivOrY2wfMSf3C5TtFJVgN+Hm6aj+voFhlK+kZEIv2FBh1X6Xp3DlnCOfEQ3B2J86A==",
      "dependencies": [
        "real-require"
      ]
    },
    "undici@6.21.1": {
      "integrity": "sha512-q/1rj5D0/zayJB2FraXdaWxbhWiNKDvu8naDT2dl1yTlvJp4BLtOcp2a5BvgGNQpYYJzau7tf1WgKv3b+7mqpQ=="
    },
    "whatwg-encoding@3.1.1": {
      "integrity": "sha512-6qN4hJdMwfYBtE3YBTTHhoeuUrDBPZmbQaxWAqSALV/MeEnR5z1xd8UKud2RAkFoPkmB+hli1TZSnyi84xz1vQ==",
      "dependencies": [
        "iconv-lite"
      ]
    },
    "whatwg-mimetype@4.0.0": {
      "integrity": "sha512-QaKxh0eNIi2mE9p2vEdzfagOKHCcj1pJ56EEHGQOVxp8r9/iszLUUV7v89x9O1p/T+NlTM5W7jW6+cz4Fq1YVg=="
    },
    "wrappy@1.0.2": {
      "integrity": "sha512-l4Sp/DRseor9wL6EvV2+TuQn63dMkPjZ/sp9XkghTEbV9KlPS1xUsZ3u7/IQO4wxtcFB4bgpQPRcR3QCvezPcQ=="
    },
    "xxhash-wasm@1.1.0": {
      "integrity": "sha512-147y/6YNh+tlp6nd/2pWq38i9h6mz/EuQ6njIrmW8D1BS5nCqs0P6DG+m6zTGnNz5I+uhZ0SHxBs9BsPrwcKDA=="
    }
  },
  "remote": {
    "https://cdn.sheetjs.com/xlsx-0.20.3/package/xlsx.mjs": "1a0fb062ee9781b13f6687371b202aaefc53b6ce55b530c027e01f9c087b77db"
  },
  "workspace": {
    "dependencies": [
      "jsr:@hono/hono@^4.7.4",
      "jsr:@std/csv@^1.0.5",
      "jsr:@std/fs@^1.0.14",
      "jsr:@std/json@^1.0.1",
      "jsr:@std/path@^1.0.8",
      "jsr:@std/streams@^1.0.9",
      "jsr:@std/yaml@^1.0.5",
      "jsr:@workingdevshero/deno-imap@1",
      "npm:@ngrok/ngrok@^1.4.1",
      "npm:cheerio@1",
      "npm:get-stream@^9.0.1",
      "npm:open@^10.1.0",
      "npm:pino@^9.6.0",
      "npm:playwright@^1.51.0",
      "npm:postal-mime@^2.4.3"
    ]
  }
}
